
Microsoft Visual Studio Solution File, Format Version 11.00
# Visual C# Express 2010
Project("{FAE04EC0-301F-11D3-BF4B-00C04F79EFBC}") = "ElmsRemoteDeviceTest", "ElmsRemoteDeviceTest\ElmsRemoteDeviceTest.csproj", "{AAEC56D3-34F7-433E-81B9-F100E02DCF35}"
EndProject
Project("{FAE04EC0-301F-11D3-BF4B-00C04F79EFBC}") = "ElmsRemoteTelescopeUdp", "ElmsRemoteTelescopeUdp\ElmsRemoteTelescopeUdp.csproj", "{033BF539-8218-4385-AC4B-C8CDECF2A5F6}"
EndProject
Project("{FAE04EC0-301F-11D3-BF4B-00C04F79EFBC}") = "StandaloneController", "StandaloneController\StandaloneController.csproj", "{F8AE1D6D-9E8E-4BB5-BC79-D72A157D63BA}"
EndProject
Project("{FAE04EC0-301F-11D3-BF4B-00C04F79EFBC}") = "ElmsRemoteFocuser", "ElmsRemoteFocuser\ElmsRemoteFocuser.csproj", "{BFDBF487-2D54-48B1-B42A-29B59D5A41D4}"
EndProject
Project("{FAE04EC0-301F-11D3-BF4B-00C04F79EFBC}") = "FocuserTest", "FocuserTest\FocuserTest.csproj", "{B87FD3AC-6362-4CEA-8DA9-9CC917A7857C}"
EndProject
Project("{FAE04EC0-301F-11D3-BF4B-00C04F79EFBC}") = "ElmsRemoteDriverBase", "ElmsRemoteDriverBase\ElmsRemoteDriverBase.csproj", "{7FAEDFD1-1832-40FC-96FA-3DA0BE76303D}"
EndProject
Global
	GlobalSection(SolutionConfigurationPlatforms) = preSolution
		Debug|Any CPU = Debug|Any CPU
		Debug|Mixed Platforms = Debug|Mixed Platforms
		Debug|x86 = Debug|x86
		Release|Any CPU = Release|Any CPU
		Release|Mixed Platforms = Release|Mixed Platforms
		Release|x86 = Release|x86
	EndGlobalSection
	GlobalSection(ProjectConfigurationPlatforms) = postSolution
		{AAEC56D3-34F7-433E-81B9-F100E02DCF35}.Debug|Any CPU.ActiveCfg = Debug|x86
		{AAEC56D3-34F7-433E-81B9-F100E02DCF35}.Debug|Mixed Platforms.ActiveCfg = Debug|x86
		{AAEC56D3-34F7-433E-81B9-F100E02DCF35}.Debug|Mixed Platforms.Build.0 = Debug|x86
		{AAEC56D3-34F7-433E-81B9-F100E02DCF35}.Debug|x86.ActiveCfg = Debug|x86
		{AAEC56D3-34F7-433E-81B9-F100E02DCF35}.Debug|x86.Build.0 = Debug|x86
		{AAEC56D3-34F7-433E-81B9-F100E02DCF35}.Release|Any CPU.ActiveCfg = Release|x86
		{AAEC56D3-34F7-433E-81B9-F100E02DCF35}.Release|Mixed Platforms.ActiveCfg = Release|x86
		{AAEC56D3-34F7-433E-81B9-F100E02DCF35}.Release|Mixed Platforms.Build.0 = Release|x86
		{AAEC56D3-34F7-433E-81B9-F100E02DCF35}.Release|x86.ActiveCfg = Release|x86
		{AAEC56D3-34F7-433E-81B9-F100E02DCF35}.Release|x86.Build.0 = Release|x86
		{033BF539-8218-4385-AC4B-C8CDECF2A5F6}.Debug|Any CPU.ActiveCfg = Debug|Any CPU
		{033BF539-8218-4385-AC4B-C8CDECF2A5F6}.Debug|Any CPU.Build.0 = Debug|Any CPU
		{033BF539-8218-4385-AC4B-C8CDECF2A5F6}.Debug|Mixed Platforms.ActiveCfg = Debug|Any CPU
		{033BF539-8218-4385-AC4B-C8CDECF2A5F6}.Debug|Mixed Platforms.Build.0 = Debug|Any CPU
		{033BF539-8218-4385-AC4B-C8CDECF2A5F6}.Debug|x86.ActiveCfg = Debug|Any CPU
		{033BF539-8218-4385-AC4B-C8CDECF2A5F6}.Release|Any CPU.ActiveCfg = Release|Any CPU
		{033BF539-8218-4385-AC4B-C8CDECF2A5F6}.Release|Any CPU.Build.0 = Release|Any CPU
		{033BF539-8218-4385-AC4B-C8CDECF2A5F6}.Release|Mixed Platforms.ActiveCfg = Release|Any CPU
		{033BF539-8218-4385-AC4B-C8CDECF2A5F6}.Release|Mixed Platforms.Build.0 = Release|Any CPU
		{033BF539-8218-4385-AC4B-C8CDECF2A5F6}.Release|x86.ActiveCfg = Release|Any CPU
		{F8AE1D6D-9E8E-4BB5-BC79-D72A157D63BA}.Debug|Any CPU.ActiveCfg = Debug|x86
		{F8AE1D6D-9E8E-4BB5-BC79-D72A157D63BA}.Debug|Mixed Platforms.ActiveCfg = Debug|x86
		{F8AE1D6D-9E8E-4BB5-BC79-D72A157D63BA}.Debug|Mixed Platforms.Build.0 = Debug|x86
		{F8AE1D6D-9E8E-4BB5-BC79-D72A157D63BA}.Debug|x86.ActiveCfg = Debug|x86
		{F8AE1D6D-9E8E-4BB5-BC79-D72A157D63BA}.Debug|x86.Build.0 = Debug|x86
		{F8AE1D6D-9E8E-4BB5-BC79-D72A157D63BA}.Release|Any CPU.ActiveCfg = Release|x86
		{F8AE1D6D-9E8E-4BB5-BC79-D72A157D63BA}.Release|Mixed Platforms.ActiveCfg = Release|x86
		{F8AE1D6D-9E8E-4BB5-BC79-D72A157D63BA}.Release|Mixed Platforms.Build.0 = Release|x86
		{F8AE1D6D-9E8E-4BB5-BC79-D72A157D63BA}.Release|x86.ActiveCfg = Release|x86
		{F8AE1D6D-9E8E-4BB5-BC79-D72A157D63BA}.Release|x86.Build.0 = Release|x86
		{BFDBF487-2D54-48B1-B42A-29B59D5A41D4}.Debug|Any CPU.ActiveCfg = Debug|Any CPU
		{BFDBF487-2D54-48B1-B42A-29B59D5A41D4}.Debug|Any CPU.Build.0 = Debug|Any CPU
		{BFDBF487-2D54-48B1-B42A-29B59D5A41D4}.Debug|Mixed Platforms.ActiveCfg = Debug|Any CPU
		{BFDBF487-2D54-48B1-B42A-29B59D5A41D4}.Debug|Mixed Platforms.Build.0 = Debug|Any CPU
		{BFDBF487-2D54-48B1-B42A-29B59D5A41D4}.Debug|x86.ActiveCfg = Debug|Any CPU
		{BFDBF487-2D54-48B1-B42A-29B59D5A41D4}.Release|Any CPU.ActiveCfg = Release|Any CPU
		{BFDBF487-2D54-48B1-B42A-29B59D5A41D4}.Release|Any CPU.Build.0 = Release|Any CPU
		{BFDBF487-2D54-48B1-B42A-29B59D5A41D4}.Release|Mixed Platforms.ActiveCfg = Release|Any CPU
		{BFDBF487-2D54-48B1-B42A-29B59D5A41D4}.Release|Mixed Platforms.Build.0 = Release|Any CPU
		{BFDBF487-2D54-48B1-B42A-29B59D5A41D4}.Release|x86.ActiveCfg = Release|Any CPU
		{B87FD3AC-6362-4CEA-8DA9-9CC917A7857C}.Debug|Any CPU.ActiveCfg = Debug|x86
		{B87FD3AC-6362-4CEA-8DA9-9CC917A7857C}.Debug|Mixed Platforms.ActiveCfg = Debug|x86
		{B87FD3AC-6362-4CEA-8DA9-9CC917A7857C}.Debug|Mixed Platforms.Build.0 = Debug|x86
		{B87FD3AC-6362-4CEA-8DA9-9CC917A7857C}.Debug|x86.ActiveCfg = Debug|x86
		{B87FD3AC-6362-4CEA-8DA9-9CC917A7857C}.Debug|x86.Build.0 = Debug|x86
		{B87FD3AC-6362-4CEA-8DA9-9CC917A7857C}.Release|Any CPU.ActiveCfg = Release|x86
		{B87FD3AC-6362-4CEA-8DA9-9CC917A7857C}.Release|Mixed Platforms.ActiveCfg = Release|x86
		{B87FD3AC-6362-4CEA-8DA9-9CC917A7857C}.Release|Mixed Platforms.Build.0 = Release|x86
		{B87FD3AC-6362-4CEA-8DA9-9CC917A7857C}.Release|x86.ActiveCfg = Release|x86
		{B87FD3AC-6362-4CEA-8DA9-9CC917A7857C}.Release|x86.Build.0 = Release|x86
		{7FAEDFD1-1832-40FC-96FA-3DA0BE76303D}.Debug|Any CPU.ActiveCfg = Debug|Any CPU
		{7FAEDFD1-1832-40FC-96FA-3DA0BE76303D}.Debug|Any CPU.Build.0 = Debug|Any CPU
		{7FAEDFD1-1832-40FC-96FA-3DA0BE76303D}.Debug|Mixed Platforms.ActiveCfg = Debug|Any CPU
		{7FAEDFD1-1832-40FC-96FA-3DA0BE76303D}.Debug|Mixed Platforms.Build.0 = Debug|Any CPU
		{7FAEDFD1-1832-40FC-96FA-3DA0BE76303D}.Debug|x86.ActiveCfg = Debug|Any CPU
		{7FAEDFD1-1832-40FC-96FA-3DA0BE76303D}.Release|Any CPU.ActiveCfg = Release|Any CPU
		{7FAEDFD1-1832-40FC-96FA-3DA0BE76303D}.Release|Any CPU.Build.0 = Release|Any CPU
		{7FAEDFD1-1832-40FC-96FA-3DA0BE76303D}.Release|Mixed Platforms.ActiveCfg = Release|Any CPU
		{7FAEDFD1-1832-40FC-96FA-3DA0BE76303D}.Release|Mixed Platforms.Build.0 = Release|Any CPU
		{7FAEDFD1-1832-40FC-96FA-3DA0BE76303D}.Release|x86.ActiveCfg = Release|Any CPU
	EndGlobalSection
	GlobalSection(SolutionProperties) = preSolution
		HideSolutionNode = FALSE
	EndGlobalSection
EndGlobal
